
Microsoft Visual Studio Solution File, Format Version 12.00
# Visual Studio Version 17
VisualStudioVersion = 17.7.34009.444
MinimumVisualStudioVersion = 10.0.40219.1
Project("{9A19103F-16F7-4668-BE54-9A1E7A4F7556}") = "DependencyStore", "DependencyStore\DependencyStore.csproj", "{7E98B9FA-8257-46FA-AA6E-A60D93AAD8F8}"
EndProject
Global
	GlobalSection(SolutionConfigurationPlatforms) = preSolution
		Debug|Any CPU = Debug|Any CPU
		Release|Any CPU = Release|Any CPU
	EndGlobalSection
	GlobalSection(ProjectConfigurationPlatforms) = postSolution
		{7E98B9FA-8257-46FA-AA6E-A60D93AAD8F8}.Debug|Any CPU.ActiveCfg = Debug|Any CPU
		{7E98B9FA-8257-46FA-AA6E-A60D93AAD8F8}.Debug|Any CPU.Build.0 = Debug|Any CPU
		{7E98B9FA-8257-46FA-AA6E-A60D93AAD8F8}.Release|Any CPU.ActiveCfg = Release|Any CPU
		{7E98B9FA-8257-46FA-AA6E-A60D93AAD8F8}.Release|Any CPU.Build.0 = Release|Any CPU
	EndGlobalSection
	GlobalSection(SolutionProperties) = preSolution
		HideSolutionNode = FALSE
	EndGlobalSection
	GlobalSection(ExtensibilityGlobals) = postSolution
		SolutionGuid = {83A30644-4FA5-4316-AB27-CCC4A0A17209}
	EndGlobalSection
EndGlobal
